
Microsoft Visual Studio Solution File, Format Version 12.00
# Visual Studio 2015
Project("{FAE04EC0-301F-11D3-BF4B-00C04F79EFBC}") = "TrikedOut.Plugins", "TrikedOut.Plugins.csproj", "{A6715FF0-A828-0D79-4DBA-F8D185487E1A}"
EndProject
Project("{FAE04EC0-301F-11D3-BF4B-00C04F79EFBC}") = "TrikedOut", "TrikedOut.csproj", "{4BD7F37D-BB3B-A851-F01C-6CD796D6AC75}"
EndProject
Project("{FAE04EC0-301F-11D3-BF4B-00C04F79EFBC}") = "TrikedOut.Editor", "TrikedOut.Editor.csproj", "{F7912ACB-2718-0866-9C69-D58E629AAA4B}"
EndProject
Global
	GlobalSection(SolutionConfigurationPlatforms) = preSolution
		Debug|Any CPU = Debug|Any CPU
		Release|Any CPU = Release|Any CPU
	EndGlobalSection
	GlobalSection(ProjectConfigurationPlatforms) = postSolution
		{A6715FF0-A828-0D79-4DBA-F8D185487E1A}.Debug|Any CPU.ActiveCfg = Debug|Any CPU
		{A6715FF0-A828-0D79-4DBA-F8D185487E1A}.Debug|Any CPU.Build.0 = Debug|Any CPU
		{A6715FF0-A828-0D79-4DBA-F8D185487E1A}.Release|Any CPU.ActiveCfg = Release|Any CPU
		{A6715FF0-A828-0D79-4DBA-F8D185487E1A}.Release|Any CPU.Build.0 = Release|Any CPU
		{4BD7F37D-BB3B-A851-F01C-6CD796D6AC75}.Debug|Any CPU.ActiveCfg = Debug|Any CPU
		{4BD7F37D-BB3B-A851-F01C-6CD796D6AC75}.Debug|Any CPU.Build.0 = Debug|Any CPU
		{4BD7F37D-BB3B-A851-F01C-6CD796D6AC75}.Release|Any CPU.ActiveCfg = Release|Any CPU
		{4BD7F37D-BB3B-A851-F01C-6CD796D6AC75}.Release|Any CPU.Build.0 = Release|Any CPU
		{F7912ACB-2718-0866-9C69-D58E629AAA4B}.Debug|Any CPU.ActiveCfg = Debug|Any CPU
		{F7912ACB-2718-0866-9C69-D58E629AAA4B}.Debug|Any CPU.Build.0 = Debug|Any CPU
		{F7912ACB-2718-0866-9C69-D58E629AAA4B}.Release|Any CPU.ActiveCfg = Release|Any CPU
		{F7912ACB-2718-0866-9C69-D58E629AAA4B}.Release|Any CPU.Build.0 = Release|Any CPU
	EndGlobalSection
	GlobalSection(SolutionProperties) = preSolution
		HideSolutionNode = FALSE
	EndGlobalSection
EndGlobal
